
Microsoft Visual Studio Solution File, Format Version 12.00
# Visual Studio Version 17
VisualStudioVersion = 17.8.34322.80
MinimumVisualStudioVersion = 10.0.40219.1
Project("{FAE04EC0-301F-11D3-BF4B-00C04F79EFBC}") = "Demo", "Demo\Demo.csproj", "{B7348A6B-5C29-4DF8-8027-ADFC5F8DD8F4}"
EndProject
Global
	GlobalSection(SolutionConfigurationPlatforms) = preSolution
		Debug|Any CPU = Debug|Any CPU
		Release|Any CPU = Release|Any CPU
	EndGlobalSection
	GlobalSection(ProjectConfigurationPlatforms) = postSolution
		{B7348A6B-5C29-4DF8-8027-ADFC5F8DD8F4}.Debug|Any CPU.ActiveCfg = Debug|Any CPU
		{B7348A6B-5C29-4DF8-8027-ADFC5F8DD8F4}.Debug|Any CPU.Build.0 = Debug|Any CPU
		{B7348A6B-5C29-4DF8-8027-ADFC5F8DD8F4}.Release|Any CPU.ActiveCfg = Release|Any CPU
		{B7348A6B-5C29-4DF8-8027-ADFC5F8DD8F4}.Release|Any CPU.Build.0 = Release|Any CPU
	EndGlobalSection
	GlobalSection(SolutionProperties) = preSolution
		HideSolutionNode = FALSE
	EndGlobalSection
	GlobalSection(ExtensibilityGlobals) = postSolution
		SolutionGuid = {02B7DCDC-1323-4E84-8002-4BC00B4BD83E}
	EndGlobalSection
EndGlobal
